
Microsoft Visual Studio Solution File, Format Version 12.00
# Visual Studio Version 17
VisualStudioVersion = 17.5.002.0
MinimumVisualStudioVersion = 10.0.40219.1
Project("{9A19103F-16F7-4668-BE54-9A1E7A4F7556}") = "Exemplosfundamentos", "ExemploFundamentos\Exemplosfundamentos.csproj", "{AEA792EF-7AB9-413B-BB7B-3F1FF9F23615}"
EndProject
Project("{FAE04EC0-301F-11D3-BF4B-00C04F79EFBC}") = "ExemploFundamentos.Common", "ExemploFundamentos.Common\ExemploFundamentos.Common.csproj", "{FC14F46E-15B0-4868-9F60-21D54F3B1908}"
EndProject
Global
	GlobalSection(SolutionConfigurationPlatforms) = preSolution
		Debug|Any CPU = Debug|Any CPU
		Release|Any CPU = Release|Any CPU
	EndGlobalSection
	GlobalSection(ProjectConfigurationPlatforms) = postSolution
		{AEA792EF-7AB9-413B-BB7B-3F1FF9F23615}.Debug|Any CPU.ActiveCfg = Debug|Any CPU
		{AEA792EF-7AB9-413B-BB7B-3F1FF9F23615}.Debug|Any CPU.Build.0 = Debug|Any CPU
		{AEA792EF-7AB9-413B-BB7B-3F1FF9F23615}.Release|Any CPU.ActiveCfg = Release|Any CPU
		{AEA792EF-7AB9-413B-BB7B-3F1FF9F23615}.Release|Any CPU.Build.0 = Release|Any CPU
		{FC14F46E-15B0-4868-9F60-21D54F3B1908}.Debug|Any CPU.ActiveCfg = Debug|Any CPU
		{FC14F46E-15B0-4868-9F60-21D54F3B1908}.Debug|Any CPU.Build.0 = Debug|Any CPU
		{FC14F46E-15B0-4868-9F60-21D54F3B1908}.Release|Any CPU.ActiveCfg = Release|Any CPU
		{FC14F46E-15B0-4868-9F60-21D54F3B1908}.Release|Any CPU.Build.0 = Release|Any CPU
	EndGlobalSection
	GlobalSection(SolutionProperties) = preSolution
		HideSolutionNode = FALSE
	EndGlobalSection
	GlobalSection(ExtensibilityGlobals) = postSolution
		SolutionGuid = {A010A1EE-D353-49BB-8C8E-78D418A124FA}
	EndGlobalSection
EndGlobal
